
Microsoft Visual Studio Solution File, Format Version 12.00
# Visual Studio 15
VisualStudioVersion = 15.0.26403.3
MinimumVisualStudioVersion = 10.0.40219.1
Project("{2150E333-8FDC-42A3-9474-1A3956D46DE8}") = "Chap01", "Chap01", "{BEF73644-74CE-45A1-A2CB-62EF658B50C8}"
EndProject
Project("{FAE04EC0-301F-11D3-BF4B-00C04F79EFBC}") = "Recipe1", "Recipe01\Recipe1.csproj", "{BBC7171F-7AB2-44F9-B391-052A85F5AF87}"
EndProject
Project("{FAE04EC0-301F-11D3-BF4B-00C04F79EFBC}") = "Recipe2", "Recipe2\Recipe2.csproj", "{00CEBEAF-F64C-41DC-B78A-9A533E4861A5}"
EndProject
Project("{FAE04EC0-301F-11D3-BF4B-00C04F79EFBC}") = "Recipe3", "Recipe3\Recipe3.csproj", "{76E7814B-6831-4E8F-8B6A-7B3CD2ACC6A5}"
EndProject
Project("{FAE04EC0-301F-11D3-BF4B-00C04F79EFBC}") = "Recipe4", "Recipe4\Recipe4.csproj", "{78D01A6B-1A39-4873-AA4C-BF1185D49547}"
EndProject
Project("{FAE04EC0-301F-11D3-BF4B-00C04F79EFBC}") = "Recipe5", "Recipe5\Recipe5.csproj", "{665D8C02-C73E-461B-B13B-999BFD0A40AD}"
EndProject
Project("{FAE04EC0-301F-11D3-BF4B-00C04F79EFBC}") = "Recipe6", "Recipe6\Recipe6.csproj", "{E6045C09-88C1-4CFF-89A8-10E7DFB2CC33}"
EndProject
Project("{FAE04EC0-301F-11D3-BF4B-00C04F79EFBC}") = "Recipe7", "Recipe7\Recipe7.csproj", "{C8E6D01F-817C-474C-A5FA-87522CFDF09A}"
EndProject
Project("{FAE04EC0-301F-11D3-BF4B-00C04F79EFBC}") = "Recipe8", "Recipe8\Recipe8.csproj", "{3771652C-3F66-4E8D-BEF1-9C486800FE5F}"
EndProject
Project("{FAE04EC0-301F-11D3-BF4B-00C04F79EFBC}") = "Recipe9", "Recipe9\Recipe9.csproj", "{26D32BB9-AAC2-4C7A-893A-C32797D054DE}"
EndProject
Project("{FAE04EC0-301F-11D3-BF4B-00C04F79EFBC}") = "Recipe10", "Recipe10\Recipe10.csproj", "{C0969694-B0EA-4832-AB87-C5A13A8E5BB0}"
EndProject
Project("{FAE04EC0-301F-11D3-BF4B-00C04F79EFBC}") = "Recipe11", "Recipe11\Recipe11.csproj", "{FA4CCDBA-7EAE-42EA-99EB-67E171B77BF9}"
EndProject
Project("{2150E333-8FDC-42A3-9474-1A3956D46DE8}") = "Chap02", "Chap02", "{A43BF92B-669B-4E78-9B7E-2A16E35C6298}"
EndProject
Project("{FAE04EC0-301F-11D3-BF4B-00C04F79EFBC}") = "Recipe2-1", "Recipe2-1\Recipe2-1.csproj", "{256BEA20-A16A-4F5B-94E7-2AAABCBFC611}"
EndProject
Project("{FAE04EC0-301F-11D3-BF4B-00C04F79EFBC}") = "Recipe2-2", "Recipe2-2\Recipe2-2.csproj", "{81964487-2BE9-4467-8EAE-DA166E74B916}"
EndProject
Project("{FAE04EC0-301F-11D3-BF4B-00C04F79EFBC}") = "Recipe2-3", "Recipe2-3\Recipe2-3.csproj", "{80B55D90-0592-4C7A-B7E8-C85EBEB52638}"
EndProject
Project("{FAE04EC0-301F-11D3-BF4B-00C04F79EFBC}") = "Recipe2-4", "Recipe2-4\Recipe2-4.csproj", "{EF21A260-587B-410D-9DB0-CD9B93AB2297}"
EndProject
Project("{FAE04EC0-301F-11D3-BF4B-00C04F79EFBC}") = "Recipe2-5", "Recipe2-5\Recipe2-5.csproj", "{3A3EAB25-54C5-4EAC-BB51-83BC465685D7}"
EndProject
Project("{FAE04EC0-301F-11D3-BF4B-00C04F79EFBC}") = "Recipe2-6", "Recipe2-6\Recipe2-6.csproj", "{8960EFE4-03DA-42A4-ABFB-E9FD4FA335AB}"
EndProject
Project("{FAE04EC0-301F-11D3-BF4B-00C04F79EFBC}") = "Recipe2-7", "Recipe2-7\Recipe2-7.csproj", "{5F1912B1-F912-42B7-95AE-A72E5F2FF7AD}"
EndProject
Project("{FAE04EC0-301F-11D3-BF4B-00C04F79EFBC}") = "Recipe2-8", "Recipe2-8\Recipe2-8.csproj", "{53E221D8-B693-4685-9054-3FC8A0807B0F}"
EndProject
Project("{FAE04EC0-301F-11D3-BF4B-00C04F79EFBC}") = "Recipe2-9", "Recipe2-9\Recipe2-9.csproj", "{D500D84A-50A1-4F36-8741-AA5E407BF89C}"
EndProject
Project("{2150E333-8FDC-42A3-9474-1A3956D46DE8}") = "Chap03", "Chap03", "{3C6AD06A-A8B2-4DCA-A13C-37DDE84E2941}"
EndProject
Project("{FAE04EC0-301F-11D3-BF4B-00C04F79EFBC}") = "Recipe3-1", "Recipe3-1\Recipe3-1.csproj", "{B2A58D24-8B5B-4230-9CC8-2F04013F3F05}"
EndProject
Project("{FAE04EC0-301F-11D3-BF4B-00C04F79EFBC}") = "Recipe3-2", "Recipe3-2\Recipe3-2.csproj", "{C995D7B1-FB4B-4A41-A2B1-35A0A12EF315}"
EndProject
Project("{FAE04EC0-301F-11D3-BF4B-00C04F79EFBC}") = "Recipe3-3", "Recipe3-3\Recipe3-3.csproj", "{8A71476A-EF61-4656-A91E-3C67F47044AB}"
EndProject
Project("{FAE04EC0-301F-11D3-BF4B-00C04F79EFBC}") = "Recipe3-4", "Recipe3-4\Recipe3-4.csproj", "{E76316A5-99D8-4A75-B582-304688D605B4}"
EndProject
Project("{FAE04EC0-301F-11D3-BF4B-00C04F79EFBC}") = "Recipe3-5", "Recipe3-5\Recipe3-5.csproj", "{1621007C-1255-4B3E-A448-C6A9A248245B}"
EndProject
Project("{FAE04EC0-301F-11D3-BF4B-00C04F79EFBC}") = "Recipe3-6", "Recipe3-6\Recipe3-6.csproj", "{2186F52A-368C-4CB2-9243-6CF6404690A6}"
EndProject
Project("{FAE04EC0-301F-11D3-BF4B-00C04F79EFBC}") = "Recipe3-7", "Recipe3-7\Recipe3-7.csproj", "{13276C05-DAD3-4F08-BF47-903DB09BE414}"
EndProject
Project("{2150E333-8FDC-42A3-9474-1A3956D46DE8}") = "Chap04", "Chap04", "{1690FB0A-EB2F-4181-9B02-7ABAF3696A99}"
EndProject
Project("{FAE04EC0-301F-11D3-BF4B-00C04F79EFBC}") = "Recipe4-1", "Recipe4-1\Recipe4-1.csproj", "{FED800CC-9005-4312-866C-167E1DB57782}"
EndProject
Project("{FAE04EC0-301F-11D3-BF4B-00C04F79EFBC}") = "Recipe4-2", "Recipe4-2\Recipe4-2.csproj", "{3214F5DE-084F-4731-9BBD-FB90226544D0}"
EndProject
Project("{FAE04EC0-301F-11D3-BF4B-00C04F79EFBC}") = "Recipe4-3", "Recipe4-3\Recipe4-3.csproj", "{E0EB83F3-A839-4037-B427-378C8F3A045D}"
EndProject
Project("{FAE04EC0-301F-11D3-BF4B-00C04F79EFBC}") = "Recipe4-4", "Recipe4-4\Recipe4-4.csproj", "{19FADD82-6270-40E1-B40F-4C9ADED5C7DC}"
EndProject
Project("{FAE04EC0-301F-11D3-BF4B-00C04F79EFBC}") = "Recipe4-5", "Recipe4-5\Recipe4-5.csproj", "{0A51E073-1A2B-4F77-999A-CFFC0D2A16D5}"
EndProject
Project("{FAE04EC0-301F-11D3-BF4B-00C04F79EFBC}") = "Recipe4-6", "Recipe4-6\Recipe4-6.csproj", "{DFC723F7-AF86-43D8-AE12-F874093AF265}"
EndProject
Project("{FAE04EC0-301F-11D3-BF4B-00C04F79EFBC}") = "Recipe4-7", "Recipe4-7\Recipe4-7.csproj", "{FCE45214-2B69-4724-BAC6-13DAFED0F1FE}"
EndProject
Global
	GlobalSection(SolutionConfigurationPlatforms) = preSolution
		Debug|Any CPU = Debug|Any CPU
		Release|Any CPU = Release|Any CPU
	EndGlobalSection
	GlobalSection(ProjectConfigurationPlatforms) = postSolution
		{BBC7171F-7AB2-44F9-B391-052A85F5AF87}.Debug|Any CPU.ActiveCfg = Debug|Any CPU
		{BBC7171F-7AB2-44F9-B391-052A85F5AF87}.Debug|Any CPU.Build.0 = Debug|Any CPU
		{BBC7171F-7AB2-44F9-B391-052A85F5AF87}.Release|Any CPU.ActiveCfg = Release|Any CPU
		{BBC7171F-7AB2-44F9-B391-052A85F5AF87}.Release|Any CPU.Build.0 = Release|Any CPU
		{00CEBEAF-F64C-41DC-B78A-9A533E4861A5}.Debug|Any CPU.ActiveCfg = Debug|Any CPU
		{00CEBEAF-F64C-41DC-B78A-9A533E4861A5}.Debug|Any CPU.Build.0 = Debug|Any CPU
		{00CEBEAF-F64C-41DC-B78A-9A533E4861A5}.Release|Any CPU.ActiveCfg = Release|Any CPU
		{00CEBEAF-F64C-41DC-B78A-9A533E4861A5}.Release|Any CPU.Build.0 = Release|Any CPU
		{76E7814B-6831-4E8F-8B6A-7B3CD2ACC6A5}.Debug|Any CPU.ActiveCfg = Debug|Any CPU
		{76E7814B-6831-4E8F-8B6A-7B3CD2ACC6A5}.Debug|Any CPU.Build.0 = Debug|Any CPU
		{76E7814B-6831-4E8F-8B6A-7B3CD2ACC6A5}.Release|Any CPU.ActiveCfg = Release|Any CPU
		{76E7814B-6831-4E8F-8B6A-7B3CD2ACC6A5}.Release|Any CPU.Build.0 = Release|Any CPU
		{78D01A6B-1A39-4873-AA4C-BF1185D49547}.Debug|Any CPU.ActiveCfg = Debug|Any CPU
		{78D01A6B-1A39-4873-AA4C-BF1185D49547}.Debug|Any CPU.Build.0 = Debug|Any CPU
		{78D01A6B-1A39-4873-AA4C-BF1185D49547}.Release|Any CPU.ActiveCfg = Release|Any CPU
		{78D01A6B-1A39-4873-AA4C-BF1185D49547}.Release|Any CPU.Build.0 = Release|Any CPU
		{665D8C02-C73E-461B-B13B-999BFD0A40AD}.Debug|Any CPU.ActiveCfg = Debug|Any CPU
		{665D8C02-C73E-461B-B13B-999BFD0A40AD}.Debug|Any CPU.Build.0 = Debug|Any CPU
		{665D8C02-C73E-461B-B13B-999BFD0A40AD}.Release|Any CPU.ActiveCfg = Release|Any CPU
		{665D8C02-C73E-461B-B13B-999BFD0A40AD}.Release|Any CPU.Build.0 = Release|Any CPU
		{E6045C09-88C1-4CFF-89A8-10E7DFB2CC33}.Debug|Any CPU.ActiveCfg = Debug|Any CPU
		{E6045C09-88C1-4CFF-89A8-10E7DFB2CC33}.Debug|Any CPU.Build.0 = Debug|Any CPU
		{E6045C09-88C1-4CFF-89A8-10E7DFB2CC33}.Release|Any CPU.ActiveCfg = Release|Any CPU
		{E6045C09-88C1-4CFF-89A8-10E7DFB2CC33}.Release|Any CPU.Build.0 = Release|Any CPU
		{C8E6D01F-817C-474C-A5FA-87522CFDF09A}.Debug|Any CPU.ActiveCfg = Debug|Any CPU
		{C8E6D01F-817C-474C-A5FA-87522CFDF09A}.Debug|Any CPU.Build.0 = Debug|Any CPU
		{C8E6D01F-817C-474C-A5FA-87522CFDF09A}.Release|Any CPU.ActiveCfg = Release|Any CPU
		{C8E6D01F-817C-474C-A5FA-87522CFDF09A}.Release|Any CPU.Build.0 = Release|Any CPU
		{3771652C-3F66-4E8D-BEF1-9C486800FE5F}.Debug|Any CPU.ActiveCfg = Debug|Any CPU
		{3771652C-3F66-4E8D-BEF1-9C486800FE5F}.Debug|Any CPU.Build.0 = Debug|Any CPU
		{3771652C-3F66-4E8D-BEF1-9C486800FE5F}.Release|Any CPU.ActiveCfg = Release|Any CPU
		{3771652C-3F66-4E8D-BEF1-9C486800FE5F}.Release|Any CPU.Build.0 = Release|Any CPU
		{26D32BB9-AAC2-4C7A-893A-C32797D054DE}.Debug|Any CPU.ActiveCfg = Debug|Any CPU
		{26D32BB9-AAC2-4C7A-893A-C32797D054DE}.Debug|Any CPU.Build.0 = Debug|Any CPU
		{26D32BB9-AAC2-4C7A-893A-C32797D054DE}.Release|Any CPU.ActiveCfg = Release|Any CPU
		{26D32BB9-AAC2-4C7A-893A-C32797D054DE}.Release|Any CPU.Build.0 = Release|Any CPU
		{C0969694-B0EA-4832-AB87-C5A13A8E5BB0}.Debug|Any CPU.ActiveCfg = Debug|Any CPU
		{C0969694-B0EA-4832-AB87-C5A13A8E5BB0}.Debug|Any CPU.Build.0 = Debug|Any CPU
		{C0969694-B0EA-4832-AB87-C5A13A8E5BB0}.Release|Any CPU.ActiveCfg = Release|Any CPU
		{C0969694-B0EA-4832-AB87-C5A13A8E5BB0}.Release|Any CPU.Build.0 = Release|Any CPU
		{FA4CCDBA-7EAE-42EA-99EB-67E171B77BF9}.Debug|Any CPU.ActiveCfg = Debug|Any CPU
		{FA4CCDBA-7EAE-42EA-99EB-67E171B77BF9}.Debug|Any CPU.Build.0 = Debug|Any CPU
		{FA4CCDBA-7EAE-42EA-99EB-67E171B77BF9}.Release|Any CPU.ActiveCfg = Release|Any CPU
		{FA4CCDBA-7EAE-42EA-99EB-67E171B77BF9}.Release|Any CPU.Build.0 = Release|Any CPU
		{256BEA20-A16A-4F5B-94E7-2AAABCBFC611}.Debug|Any CPU.ActiveCfg = Debug|Any CPU
		{256BEA20-A16A-4F5B-94E7-2AAABCBFC611}.Debug|Any CPU.Build.0 = Debug|Any CPU
		{256BEA20-A16A-4F5B-94E7-2AAABCBFC611}.Release|Any CPU.ActiveCfg = Release|Any CPU
		{256BEA20-A16A-4F5B-94E7-2AAABCBFC611}.Release|Any CPU.Build.0 = Release|Any CPU
		{81964487-2BE9-4467-8EAE-DA166E74B916}.Debug|Any CPU.ActiveCfg = Debug|Any CPU
		{81964487-2BE9-4467-8EAE-DA166E74B916}.Debug|Any CPU.Build.0 = Debug|Any CPU
		{81964487-2BE9-4467-8EAE-DA166E74B916}.Release|Any CPU.ActiveCfg = Release|Any CPU
		{81964487-2BE9-4467-8EAE-DA166E74B916}.Release|Any CPU.Build.0 = Release|Any CPU
		{80B55D90-0592-4C7A-B7E8-C85EBEB52638}.Debug|Any CPU.ActiveCfg = Debug|Any CPU
		{80B55D90-0592-4C7A-B7E8-C85EBEB52638}.Debug|Any CPU.Build.0 = Debug|Any CPU
		{80B55D90-0592-4C7A-B7E8-C85EBEB52638}.Release|Any CPU.ActiveCfg = Release|Any CPU
		{80B55D90-0592-4C7A-B7E8-C85EBEB52638}.Release|Any CPU.Build.0 = Release|Any CPU
		{EF21A260-587B-410D-9DB0-CD9B93AB2297}.Debug|Any CPU.ActiveCfg = Debug|Any CPU
		{EF21A260-587B-410D-9DB0-CD9B93AB2297}.Debug|Any CPU.Build.0 = Debug|Any CPU
		{EF21A260-587B-410D-9DB0-CD9B93AB2297}.Release|Any CPU.ActiveCfg = Release|Any CPU
		{EF21A260-587B-410D-9DB0-CD9B93AB2297}.Release|Any CPU.Build.0 = Release|Any CPU
		{3A3EAB25-54C5-4EAC-BB51-83BC465685D7}.Debug|Any CPU.ActiveCfg = Debug|Any CPU
		{3A3EAB25-54C5-4EAC-BB51-83BC465685D7}.Debug|Any CPU.Build.0 = Debug|Any CPU
		{3A3EAB25-54C5-4EAC-BB51-83BC465685D7}.Release|Any CPU.ActiveCfg = Release|Any CPU
		{3A3EAB25-54C5-4EAC-BB51-83BC465685D7}.Release|Any CPU.Build.0 = Release|Any CPU
		{8960EFE4-03DA-42A4-ABFB-E9FD4FA335AB}.Debug|Any CPU.ActiveCfg = Debug|Any CPU
		{8960EFE4-03DA-42A4-ABFB-E9FD4FA335AB}.Debug|Any CPU.Build.0 = Debug|Any CPU
		{8960EFE4-03DA-42A4-ABFB-E9FD4FA335AB}.Release|Any CPU.ActiveCfg = Release|Any CPU
		{8960EFE4-03DA-42A4-ABFB-E9FD4FA335AB}.Release|Any CPU.Build.0 = Release|Any CPU
		{5F1912B1-F912-42B7-95AE-A72E5F2FF7AD}.Debug|Any CPU.ActiveCfg = Debug|Any CPU
		{5F1912B1-F912-42B7-95AE-A72E5F2FF7AD}.Debug|Any CPU.Build.0 = Debug|Any CPU
		{5F1912B1-F912-42B7-95AE-A72E5F2FF7AD}.Release|Any CPU.ActiveCfg = Release|Any CPU
		{5F1912B1-F912-42B7-95AE-A72E5F2FF7AD}.Release|Any CPU.Build.0 = Release|Any CPU
		{53E221D8-B693-4685-9054-3FC8A0807B0F}.Debug|Any CPU.ActiveCfg = Debug|Any CPU
		{53E221D8-B693-4685-9054-3FC8A0807B0F}.Debug|Any CPU.Build.0 = Debug|Any CPU
		{53E221D8-B693-4685-9054-3FC8A0807B0F}.Release|Any CPU.ActiveCfg = Release|Any CPU
		{53E221D8-B693-4685-9054-3FC8A0807B0F}.Release|Any CPU.Build.0 = Release|Any CPU
		{D500D84A-50A1-4F36-8741-AA5E407BF89C}.Debug|Any CPU.ActiveCfg = Debug|Any CPU
		{D500D84A-50A1-4F36-8741-AA5E407BF89C}.Debug|Any CPU.Build.0 = Debug|Any CPU
		{D500D84A-50A1-4F36-8741-AA5E407BF89C}.Release|Any CPU.ActiveCfg = Release|Any CPU
		{D500D84A-50A1-4F36-8741-AA5E407BF89C}.Release|Any CPU.Build.0 = Release|Any CPU
		{B2A58D24-8B5B-4230-9CC8-2F04013F3F05}.Debug|Any CPU.ActiveCfg = Debug|Any CPU
		{B2A58D24-8B5B-4230-9CC8-2F04013F3F05}.Debug|Any CPU.Build.0 = Debug|Any CPU
		{B2A58D24-8B5B-4230-9CC8-2F04013F3F05}.Release|Any CPU.ActiveCfg = Release|Any CPU
		{B2A58D24-8B5B-4230-9CC8-2F04013F3F05}.Release|Any CPU.Build.0 = Release|Any CPU
		{C995D7B1-FB4B-4A41-A2B1-35A0A12EF315}.Debug|Any CPU.ActiveCfg = Debug|Any CPU
		{C995D7B1-FB4B-4A41-A2B1-35A0A12EF315}.Debug|Any CPU.Build.0 = Debug|Any CPU
		{C995D7B1-FB4B-4A41-A2B1-35A0A12EF315}.Release|Any CPU.ActiveCfg = Release|Any CPU
		{C995D7B1-FB4B-4A41-A2B1-35A0A12EF315}.Release|Any CPU.Build.0 = Release|Any CPU
		{8A71476A-EF61-4656-A91E-3C67F47044AB}.Debug|Any CPU.ActiveCfg = Debug|Any CPU
		{8A71476A-EF61-4656-A91E-3C67F47044AB}.Debug|Any CPU.Build.0 = Debug|Any CPU
		{8A71476A-EF61-4656-A91E-3C67F47044AB}.Release|Any CPU.ActiveCfg = Release|Any CPU
		{8A71476A-EF61-4656-A91E-3C67F47044AB}.Release|Any CPU.Build.0 = Release|Any CPU
		{E76316A5-99D8-4A75-B582-304688D605B4}.Debug|Any CPU.ActiveCfg = Debug|Any CPU
		{E76316A5-99D8-4A75-B582-304688D605B4}.Debug|Any CPU.Build.0 = Debug|Any CPU
		{E76316A5-99D8-4A75-B582-304688D605B4}.Release|Any CPU.ActiveCfg = Release|Any CPU
		{E76316A5-99D8-4A75-B582-304688D605B4}.Release|Any CPU.Build.0 = Release|Any CPU
		{1621007C-1255-4B3E-A448-C6A9A248245B}.Debug|Any CPU.ActiveCfg = Debug|Any CPU
		{1621007C-1255-4B3E-A448-C6A9A248245B}.Debug|Any CPU.Build.0 = Debug|Any CPU
		{1621007C-1255-4B3E-A448-C6A9A248245B}.Release|Any CPU.ActiveCfg = Release|Any CPU
		{1621007C-1255-4B3E-A448-C6A9A248245B}.Release|Any CPU.Build.0 = Release|Any CPU
		{2186F52A-368C-4CB2-9243-6CF6404690A6}.Debug|Any CPU.ActiveCfg = Debug|Any CPU
		{2186F52A-368C-4CB2-9243-6CF6404690A6}.Debug|Any CPU.Build.0 = Debug|Any CPU
		{2186F52A-368C-4CB2-9243-6CF6404690A6}.Release|Any CPU.ActiveCfg = Release|Any CPU
		{2186F52A-368C-4CB2-9243-6CF6404690A6}.Release|Any CPU.Build.0 = Release|Any CPU
		{13276C05-DAD3-4F08-BF47-903DB09BE414}.Debug|Any CPU.ActiveCfg = Debug|Any CPU
		{13276C05-DAD3-4F08-BF47-903DB09BE414}.Debug|Any CPU.Build.0 = Debug|Any CPU
		{13276C05-DAD3-4F08-BF47-903DB09BE414}.Release|Any CPU.ActiveCfg = Release|Any CPU
		{13276C05-DAD3-4F08-BF47-903DB09BE414}.Release|Any CPU.Build.0 = Release|Any CPU
		{FED800CC-9005-4312-866C-167E1DB57782}.Debug|Any CPU.ActiveCfg = Debug|Any CPU
		{FED800CC-9005-4312-866C-167E1DB57782}.Debug|Any CPU.Build.0 = Debug|Any CPU
		{FED800CC-9005-4312-866C-167E1DB57782}.Release|Any CPU.ActiveCfg = Release|Any CPU
		{FED800CC-9005-4312-866C-167E1DB57782}.Release|Any CPU.Build.0 = Release|Any CPU
		{3214F5DE-084F-4731-9BBD-FB90226544D0}.Debug|Any CPU.ActiveCfg = Debug|Any CPU
		{3214F5DE-084F-4731-9BBD-FB90226544D0}.Debug|Any CPU.Build.0 = Debug|Any CPU
		{3214F5DE-084F-4731-9BBD-FB90226544D0}.Release|Any CPU.ActiveCfg = Release|Any CPU
		{3214F5DE-084F-4731-9BBD-FB90226544D0}.Release|Any CPU.Build.0 = Release|Any CPU
		{E0EB83F3-A839-4037-B427-378C8F3A045D}.Debug|Any CPU.ActiveCfg = Debug|Any CPU
		{E0EB83F3-A839-4037-B427-378C8F3A045D}.Debug|Any CPU.Build.0 = Debug|Any CPU
		{E0EB83F3-A839-4037-B427-378C8F3A045D}.Release|Any CPU.ActiveCfg = Release|Any CPU
		{E0EB83F3-A839-4037-B427-378C8F3A045D}.Release|Any CPU.Build.0 = Release|Any CPU
		{19FADD82-6270-40E1-B40F-4C9ADED5C7DC}.Debug|Any CPU.ActiveCfg = Debug|Any CPU
		{19FADD82-6270-40E1-B40F-4C9ADED5C7DC}.Debug|Any CPU.Build.0 = Debug|Any CPU
		{19FADD82-6270-40E1-B40F-4C9ADED5C7DC}.Release|Any CPU.ActiveCfg = Release|Any CPU
		{19FADD82-6270-40E1-B40F-4C9ADED5C7DC}.Release|Any CPU.Build.0 = Release|Any CPU
		{0A51E073-1A2B-4F77-999A-CFFC0D2A16D5}.Debug|Any CPU.ActiveCfg = Debug|Any CPU
		{0A51E073-1A2B-4F77-999A-CFFC0D2A16D5}.Debug|Any CPU.Build.0 = Debug|Any CPU
		{0A51E073-1A2B-4F77-999A-CFFC0D2A16D5}.Release|Any CPU.ActiveCfg = Release|Any CPU
		{0A51E073-1A2B-4F77-999A-CFFC0D2A16D5}.Release|Any CPU.Build.0 = Release|Any CPU
		{DFC723F7-AF86-43D8-AE12-F874093AF265}.Debug|Any CPU.ActiveCfg = Debug|Any CPU
		{DFC723F7-AF86-43D8-AE12-F874093AF265}.Debug|Any CPU.Build.0 = Debug|Any CPU
		{DFC723F7-AF86-43D8-AE12-F874093AF265}.Release|Any CPU.ActiveCfg = Release|Any CPU
		{DFC723F7-AF86-43D8-AE12-F874093AF265}.Release|Any CPU.Build.0 = Release|Any CPU
		{FCE45214-2B69-4724-BAC6-13DAFED0F1FE}.Debug|Any CPU.ActiveCfg = Debug|Any CPU
		{FCE45214-2B69-4724-BAC6-13DAFED0F1FE}.Debug|Any CPU.Build.0 = Debug|Any CPU
		{FCE45214-2B69-4724-BAC6-13DAFED0F1FE}.Release|Any CPU.ActiveCfg = Release|Any CPU
		{FCE45214-2B69-4724-BAC6-13DAFED0F1FE}.Release|Any CPU.Build.0 = Release|Any CPU
	EndGlobalSection
	GlobalSection(SolutionProperties) = preSolution
		HideSolutionNode = FALSE
	EndGlobalSection
	GlobalSection(NestedProjects) = preSolution
		{BBC7171F-7AB2-44F9-B391-052A85F5AF87} = {BEF73644-74CE-45A1-A2CB-62EF658B50C8}
		{00CEBEAF-F64C-41DC-B78A-9A533E4861A5} = {BEF73644-74CE-45A1-A2CB-62EF658B50C8}
		{76E7814B-6831-4E8F-8B6A-7B3CD2ACC6A5} = {BEF73644-74CE-45A1-A2CB-62EF658B50C8}
		{78D01A6B-1A39-4873-AA4C-BF1185D49547} = {BEF73644-74CE-45A1-A2CB-62EF658B50C8}
		{665D8C02-C73E-461B-B13B-999BFD0A40AD} = {BEF73644-74CE-45A1-A2CB-62EF658B50C8}
		{E6045C09-88C1-4CFF-89A8-10E7DFB2CC33} = {BEF73644-74CE-45A1-A2CB-62EF658B50C8}
		{C8E6D01F-817C-474C-A5FA-87522CFDF09A} = {BEF73644-74CE-45A1-A2CB-62EF658B50C8}
		{3771652C-3F66-4E8D-BEF1-9C486800FE5F} = {BEF73644-74CE-45A1-A2CB-62EF658B50C8}
		{26D32BB9-AAC2-4C7A-893A-C32797D054DE} = {BEF73644-74CE-45A1-A2CB-62EF658B50C8}
		{C0969694-B0EA-4832-AB87-C5A13A8E5BB0} = {BEF73644-74CE-45A1-A2CB-62EF658B50C8}
		{FA4CCDBA-7EAE-42EA-99EB-67E171B77BF9} = {BEF73644-74CE-45A1-A2CB-62EF658B50C8}
		{256BEA20-A16A-4F5B-94E7-2AAABCBFC611} = {A43BF92B-669B-4E78-9B7E-2A16E35C6298}
		{81964487-2BE9-4467-8EAE-DA166E74B916} = {A43BF92B-669B-4E78-9B7E-2A16E35C6298}
		{80B55D90-0592-4C7A-B7E8-C85EBEB52638} = {A43BF92B-669B-4E78-9B7E-2A16E35C6298}
		{EF21A260-587B-410D-9DB0-CD9B93AB2297} = {A43BF92B-669B-4E78-9B7E-2A16E35C6298}
		{3A3EAB25-54C5-4EAC-BB51-83BC465685D7} = {A43BF92B-669B-4E78-9B7E-2A16E35C6298}
		{8960EFE4-03DA-42A4-ABFB-E9FD4FA335AB} = {A43BF92B-669B-4E78-9B7E-2A16E35C6298}
		{5F1912B1-F912-42B7-95AE-A72E5F2FF7AD} = {A43BF92B-669B-4E78-9B7E-2A16E35C6298}
		{53E221D8-B693-4685-9054-3FC8A0807B0F} = {A43BF92B-669B-4E78-9B7E-2A16E35C6298}
		{D500D84A-50A1-4F36-8741-AA5E407BF89C} = {A43BF92B-669B-4E78-9B7E-2A16E35C6298}
		{B2A58D24-8B5B-4230-9CC8-2F04013F3F05} = {3C6AD06A-A8B2-4DCA-A13C-37DDE84E2941}
		{C995D7B1-FB4B-4A41-A2B1-35A0A12EF315} = {3C6AD06A-A8B2-4DCA-A13C-37DDE84E2941}
		{8A71476A-EF61-4656-A91E-3C67F47044AB} = {3C6AD06A-A8B2-4DCA-A13C-37DDE84E2941}
		{E76316A5-99D8-4A75-B582-304688D605B4} = {3C6AD06A-A8B2-4DCA-A13C-37DDE84E2941}
		{1621007C-1255-4B3E-A448-C6A9A248245B} = {3C6AD06A-A8B2-4DCA-A13C-37DDE84E2941}
		{2186F52A-368C-4CB2-9243-6CF6404690A6} = {3C6AD06A-A8B2-4DCA-A13C-37DDE84E2941}
		{13276C05-DAD3-4F08-BF47-903DB09BE414} = {3C6AD06A-A8B2-4DCA-A13C-37DDE84E2941}
		{FED800CC-9005-4312-866C-167E1DB57782} = {1690FB0A-EB2F-4181-9B02-7ABAF3696A99}
		{3214F5DE-084F-4731-9BBD-FB90226544D0} = {1690FB0A-EB2F-4181-9B02-7ABAF3696A99}
		{E0EB83F3-A839-4037-B427-378C8F3A045D} = {1690FB0A-EB2F-4181-9B02-7ABAF3696A99}
		{19FADD82-6270-40E1-B40F-4C9ADED5C7DC} = {1690FB0A-EB2F-4181-9B02-7ABAF3696A99}
		{0A51E073-1A2B-4F77-999A-CFFC0D2A16D5} = {1690FB0A-EB2F-4181-9B02-7ABAF3696A99}
		{DFC723F7-AF86-43D8-AE12-F874093AF265} = {1690FB0A-EB2F-4181-9B02-7ABAF3696A99}
		{FCE45214-2B69-4724-BAC6-13DAFED0F1FE} = {1690FB0A-EB2F-4181-9B02-7ABAF3696A99}
	EndGlobalSection
EndGlobal
